// !$*UTF8*$!
{
	archiveVersion = 1;
	classes = {
	};
	objectVersion = 56;
	objects = {

/* Begin PBXBuildFile section */
		C12009AA2C8EE0100098457E /* LocationManager.swift in Sources */ = {isa = PBXBuildFile; fileRef = C12009A92C8EE0100098457E /* LocationManager.swift */; };
		C12009B02C8EF2F20098457E /* LocationSearchActivationView.swift in Sources */ = {isa = PBXBuildFile; fileRef = C12009AF2C8EF2F20098457E /* LocationSearchActivationView.swift */; };
		C12009B22C8EF6DE0098457E /* ActionButton.swift in Sources */ = {isa = PBXBuildFile; fileRef = C12009B12C8EF6DE0098457E /* ActionButton.swift */; };
		C12009B42C8EFA180098457E /* LocationSeachView.swift in Sources */ = {isa = PBXBuildFile; fileRef = C12009B32C8EFA180098457E /* LocationSeachView.swift */; };
		C12009B62C8EFCD30098457E /* LocationSeachResultCell.swift in Sources */ = {isa = PBXBuildFile; fileRef = C12009B52C8EFCD30098457E /* LocationSeachResultCell.swift */; };
		C12009B82C8F04090098457E /* LocationSearchViewModel.swift in Sources */ = {isa = PBXBuildFile; fileRef = C12009B72C8F04090098457E /* LocationSearchViewModel.swift */; };
		C12009BA2C8F364A0098457E /* MapVeiwState.swift in Sources */ = {isa = PBXBuildFile; fileRef = C12009B92C8F364A0098457E /* MapVeiwState.swift */; };
		C14014E32C8DC5E900B636FE /* UberApp.swift in Sources */ = {isa = PBXBuildFile; fileRef = C14014E22C8DC5E900B636FE /* UberApp.swift */; };
		C14014E72C8DC5EA00B636FE /* Assets.xcassets in Resources */ = {isa = PBXBuildFile; fileRef = C14014E62C8DC5EA00B636FE /* Assets.xcassets */; };
		C14014EA2C8DC5EA00B636FE /* Preview Assets.xcassets in Resources */ = {isa = PBXBuildFile; fileRef = C14014E92C8DC5EA00B636FE /* Preview Assets.xcassets */; };
		C14014F82C8DC77800B636FE /* HomeView.swift in Sources */ = {isa = PBXBuildFile; fileRef = C14014F72C8DC77800B636FE /* HomeView.swift */; };
		C14014FA2C8DC82600B636FE /* UberMapViewRepresentable.swift in Sources */ = {isa = PBXBuildFile; fileRef = C14014F92C8DC82600B636FE /* UberMapViewRepresentable.swift */; };
/* End PBXBuildFile section */

/* Begin PBXFileReference section */
		C12009A92C8EE0100098457E /* LocationManager.swift */ = {isa = PBXFileReference; lastKnownFileType = sourcecode.swift; path = LocationManager.swift; sourceTree = "<group>"; };
		C12009AF2C8EF2F20098457E /* LocationSearchActivationView.swift */ = {isa = PBXFileReference; lastKnownFileType = sourcecode.swift; path = LocationSearchActivationView.swift; sourceTree = "<group>"; };
		C12009B12C8EF6DE0098457E /* ActionButton.swift */ = {isa = PBXFileReference; lastKnownFileType = sourcecode.swift; path = ActionButton.swift; sourceTree = "<group>"; };
		C12009B32C8EFA180098457E /* LocationSeachView.swift */ = {isa = PBXFileReference; lastKnownFileType = sourcecode.swift; path = LocationSeachView.swift; sourceTree = "<group>"; };
		C12009B52C8EFCD30098457E /* LocationSeachResultCell.swift */ = {isa = PBXFileReference; lastKnownFileType = sourcecode.swift; path = LocationSeachResultCell.swift; sourceTree = "<group>"; };
		C12009B72C8F04090098457E /* LocationSearchViewModel.swift */ = {isa = PBXFileReference; lastKnownFileType = sourcecode.swift; path = LocationSearchViewModel.swift; sourceTree = "<group>"; };
		C12009B92C8F364A0098457E /* MapVeiwState.swift */ = {isa = PBXFileReference; lastKnownFileType = sourcecode.swift; path = MapVeiwState.swift; sourceTree = "<group>"; };
		C14014DF2C8DC5E900B636FE /* Uber.app */ = {isa = PBXFileReference; explicitFileType = wrapper.application; includeInIndex = 0; path = Uber.app; sourceTree = BUILT_PRODUCTS_DIR; };
		C14014E22C8DC5E900B636FE /* UberApp.swift */ = {isa = PBXFileReference; lastKnownFileType = sourcecode.swift; path = UberApp.swift; sourceTree = "<group>"; };
		C14014E62C8DC5EA00B636FE /* Assets.xcassets */ = {isa = PBXFileReference; lastKnownFileType = folder.assetcatalog; path = Assets.xcassets; sourceTree = "<group>"; };
		C14014E92C8DC5EA00B636FE /* Preview Assets.xcassets */ = {isa = PBXFileReference; lastKnownFileType = folder.assetcatalog; path = "Preview Assets.xcassets"; sourceTree = "<group>"; };
		C14014F72C8DC77800B636FE /* HomeView.swift */ = {isa = PBXFileReference; lastKnownFileType = sourcecode.swift; path = HomeView.swift; sourceTree = "<group>"; };
		C14014F92C8DC82600B636FE /* UberMapViewRepresentable.swift */ = {isa = PBXFileReference; lastKnownFileType = sourcecode.swift; path = UberMapViewRepresentable.swift; sourceTree = "<group>"; };
/* End PBXFileReference section */

/* Begin PBXFrameworksBuildPhase section */
		C14014DC2C8DC5E900B636FE /* Frameworks */ = {
			isa = PBXFrameworksBuildPhase;
			buildActionMask = 2147483647;
			files = (
			);
			runOnlyForDeploymentPostprocessing = 0;
		};
/* End PBXFrameworksBuildPhase section */

/* Begin PBXGroup section */
		C12009AB2C8EF2200098457E /* Home */ = {
			isa = PBXGroup;
			children = (
				C14014F62C8DC76600B636FE /* View */,
				C14014F52C8DC76000B636FE /* ViewModel */,
			);
			path = Home;
			sourceTree = "<group>";
		};
		C12009AC2C8EF2480098457E /* LocationSearch */ = {
			isa = PBXGroup;
			children = (
				C12009AE2C8EF2610098457E /* View */,
				C12009AD2C8EF25A0098457E /* VeiwModel */,
			);
			path = LocationSearch;
			sourceTree = "<group>";
		};
		C12009AD2C8EF25A0098457E /* VeiwModel */ = {
			isa = PBXGroup;
			children = (
				C12009B72C8F04090098457E /* LocationSearchViewModel.swift */,
			);
			path = VeiwModel;
			sourceTree = "<group>";
		};
		C12009AE2C8EF2610098457E /* View */ = {
			isa = PBXGroup;
			children = (
				C12009AF2C8EF2F20098457E /* LocationSearchActivationView.swift */,
				C12009B32C8EFA180098457E /* LocationSeachView.swift */,
				C12009B52C8EFCD30098457E /* LocationSeachResultCell.swift */,
			);
			path = View;
			sourceTree = "<group>";
		};
		C14014D62C8DC5E900B636FE = {
			isa = PBXGroup;
			children = (
				C14014E12C8DC5E900B636FE /* Uber */,
				C14014E02C8DC5E900B636FE /* Products */,
			);
			sourceTree = "<group>";
		};
		C14014E02C8DC5E900B636FE /* Products */ = {
			isa = PBXGroup;
			children = (
				C14014DF2C8DC5E900B636FE /* Uber.app */,
			);
			name = Products;
			sourceTree = "<group>";
		};
		C14014E12C8DC5E900B636FE /* Uber */ = {
			isa = PBXGroup;
			children = (
				C14014F42C8DC73F00B636FE /* App */,
				C14014F32C8DC73900B636FE /* Core */,
				C14014F22C8DC73100B636FE /* Extensions */,
				C14014F12C8DC71900B636FE /* Managers */,
				C14014F02C8DC71100B636FE /* Models */,
				C14014E62C8DC5EA00B636FE /* Assets.xcassets */,
				C14014E82C8DC5EA00B636FE /* Preview Content */,
			);
			path = Uber;
			sourceTree = "<group>";
		};
		C14014E82C8DC5EA00B636FE /* Preview Content */ = {
			isa = PBXGroup;
			children = (
				C14014E92C8DC5EA00B636FE /* Preview Assets.xcassets */,
			);
			path = "Preview Content";
			sourceTree = "<group>";
		};
		C14014F02C8DC71100B636FE /* Models */ = {
			isa = PBXGroup;
			children = (
				C12009B92C8F364A0098457E /* MapVeiwState.swift */,
			);
			path = Models;
			sourceTree = "<group>";
		};
		C14014F12C8DC71900B636FE /* Managers */ = {
			isa = PBXGroup;
			children = (
				C12009A92C8EE0100098457E /* LocationManager.swift */,
			);
			path = Managers;
			sourceTree = "<group>";
		};
		C14014F22C8DC73100B636FE /* Extensions */ = {
			isa = PBXGroup;
			children = (
			);
			path = Extensions;
			sourceTree = "<group>";
		};
		C14014F32C8DC73900B636FE /* Core */ = {
			isa = PBXGroup;
			children = (
				C12009AC2C8EF2480098457E /* LocationSearch */,
				C12009AB2C8EF2200098457E /* Home */,
			);
			path = Core;
			sourceTree = "<group>";
		};
		C14014F42C8DC73F00B636FE /* App */ = {
			isa = PBXGroup;
			children = (
				C14014E22C8DC5E900B636FE /* UberApp.swift */,
			);
			path = App;
			sourceTree = "<group>";
		};
		C14014F52C8DC76000B636FE /* ViewModel */ = {
			isa = PBXGroup;
			children = (
			);
			path = ViewModel;
			sourceTree = "<group>";
		};
		C14014F62C8DC76600B636FE /* View */ = {
			isa = PBXGroup;
			children = (
				C14014F72C8DC77800B636FE /* HomeView.swift */,
				C14014F92C8DC82600B636FE /* UberMapViewRepresentable.swift */,
				C12009B12C8EF6DE0098457E /* ActionButton.swift */,
			);
			path = View;
			sourceTree = "<group>";
		};
/* End PBXGroup section */

/* Begin PBXNativeTarget section */
		C14014DE2C8DC5E900B636FE /* Uber */ = {
			isa = PBXNativeTarget;
			buildConfigurationList = C14014ED2C8DC5EA00B636FE /* Build configuration list for PBXNativeTarget "Uber" */;
			buildPhases = (
				C14014DB2C8DC5E900B636FE /* Sources */,
				C14014DC2C8DC5E900B636FE /* Frameworks */,
				C14014DD2C8DC5E900B636FE /* Resources */,
			);
			buildRules = (
			);
			dependencies = (
			);
			name = Uber;
			productName = Uber;
			productReference = C14014DF2C8DC5E900B636FE /* Uber.app */;
			productType = "com.apple.product-type.application";
		};
/* End PBXNativeTarget section */

/* Begin PBXProject section */
		C14014D72C8DC5E900B636FE /* Project object */ = {
			isa = PBXProject;
			attributes = {
				BuildIndependentTargetsInParallel = 1;
				LastSwiftUpdateCheck = 1500;
				LastUpgradeCheck = 1500;
				TargetAttributes = {
					C14014DE2C8DC5E900B636FE = {
						CreatedOnToolsVersion = 15.0.1;
					};
				};
			};
			buildConfigurationList = C14014DA2C8DC5E900B636FE /* Build configuration list for PBXProject "Uber" */;
			compatibilityVersion = "Xcode 14.0";
			developmentRegion = en;
			hasScannedForEncodings = 0;
			knownRegions = (
				en,
				Base,
			);
			mainGroup = C14014D62C8DC5E900B636FE;
			productRefGroup = C14014E02C8DC5E900B636FE /* Products */;
			projectDirPath = "";
			projectRoot = "";
			targets = (
				C14014DE2C8DC5E900B636FE /* Uber */,
			);
		};
/* End PBXProject section */

/* Begin PBXResourcesBuildPhase section */
		C14014DD2C8DC5E900B636FE /* Resources */ = {
			isa = PBXResourcesBuildPhase;
			buildActionMask = 2147483647;
			files = (
				C14014EA2C8DC5EA00B636FE /* Preview Assets.xcassets in Resources */,
				C14014E72C8DC5EA00B636FE /* Assets.xcassets in Resources */,
			);
			runOnlyForDeploymentPostprocessing = 0;
		};
/* End PBXResourcesBuildPhase section */

/* Begin PBXSourcesBuildPhase section */
		C14014DB2C8DC5E900B636FE /* Sources */ = {
			isa = PBXSourcesBuildPhase;
			buildActionMask = 2147483647;
			files = (
				C12009B82C8F04090098457E /* LocationSearchViewModel.swift in Sources */,
				C12009BA2C8F364A0098457E /* MapVeiwState.swift in Sources */,
				C12009AA2C8EE0100098457E /* LocationManager.swift in Sources */,
				C14014F82C8DC77800B636FE /* HomeView.swift in Sources */,
				C14014FA2C8DC82600B636FE /* UberMapViewRepresentable.swift in Sources */,
				C14014E32C8DC5E900B636FE /* UberApp.swift in Sources */,
				C12009B62C8EFCD30098457E /* LocationSeachResultCell.swift in Sources */,
				C12009B02C8EF2F20098457E /* LocationSearchActivationView.swift in Sources */,
				C12009B42C8EFA180098457E /* LocationSeachView.swift in Sources */,
				C12009B22C8EF6DE0098457E /* ActionButton.swift in Sources */,
			);
			runOnlyForDeploymentPostprocessing = 0;
		};
/* End PBXSourcesBuildPhase section */

/* Begin XCBuildConfiguration section */
		C14014EB2C8DC5EA00B636FE /* Debug */ = {
			isa = XCBuildConfiguration;
			buildSettings = {
				ALWAYS_SEARCH_USER_PATHS = NO;
				ASSETCATALOG_COMPILER_GENERATE_SWIFT_ASSET_SYMBOL_EXTENSIONS = YES;
				CLANG_ANALYZER_NONNULL = YES;
				CLANG_ANALYZER_NUMBER_OBJECT_CONVERSION = YES_AGGRESSIVE;
				CLANG_CXX_LANGUAGE_STANDARD = "gnu++20";
				CLANG_ENABLE_MODULES = YES;
				CLANG_ENABLE_OBJC_ARC = YES;
				CLANG_ENABLE_OBJC_WEAK = YES;
				CLANG_WARN_BLOCK_CAPTURE_AUTORELEASING = YES;
				CLANG_WARN_BOOL_CONVERSION = YES;
				CLANG_WARN_COMMA = YES;
				CLANG_WARN_CONSTANT_CONVERSION = YES;
				CLANG_WARN_DEPRECATED_OBJC_IMPLEMENTATIONS = YES;
				CLANG_WARN_DIRECT_OBJC_ISA_USAGE = YES_ERROR;
				CLANG_WARN_DOCUMENTATION_COMMENTS = YES;
				CLANG_WARN_EMPTY_BODY = YES;
				CLANG_WARN_ENUM_CONVERSION = YES;
				CLANG_WARN_INFINITE_RECURSION = YES;
				CLANG_WARN_INT_CONVERSION = YES;
				CLANG_WARN_NON_LITERAL_NULL_CONVERSION = YES;
				CLANG_WARN_OBJC_IMPLICIT_RETAIN_SELF = YES;
				CLANG_WARN_OBJC_LITERAL_CONVERSION = YES;
				CLANG_WARN_OBJC_ROOT_CLASS = YES_ERROR;
				CLANG_WARN_QUOTED_INCLUDE_IN_FRAMEWORK_HEADER = YES;
				CLANG_WARN_RANGE_LOOP_ANALYSIS = YES;
				CLANG_WARN_STRICT_PROTOTYPES = YES;
				CLANG_WARN_SUSPICIOUS_MOVE = YES;
				CLANG_WARN_UNGUARDED_AVAILABILITY = YES_AGGRESSIVE;
				CLANG_WARN_UNREACHABLE_CODE = YES;
				CLANG_WARN__DUPLICATE_METHOD_MATCH = YES;
				COPY_PHASE_STRIP = NO;
				DEBUG_INFORMATION_FORMAT = dwarf;
				ENABLE_STRICT_OBJC_MSGSEND = YES;
				ENABLE_TESTABILITY = YES;
				ENABLE_USER_SCRIPT_SANDBOXING = YES;
				GCC_C_LANGUAGE_STANDARD = gnu17;
				GCC_DYNAMIC_NO_PIC = NO;
				GCC_NO_COMMON_BLOCKS = YES;
				GCC_OPTIMIZATION_LEVEL = 0;
				GCC_PREPROCESSOR_DEFINITIONS = (
					"DEBUG=1",
					"$(inherited)",
				);
				GCC_WARN_64_TO_32_BIT_CONVERSION = YES;
				GCC_WARN_ABOUT_RETURN_TYPE = YES_ERROR;
				GCC_WARN_UNDECLARED_SELECTOR = YES;
				GCC_WARN_UNINITIALIZED_AUTOS = YES_AGGRESSIVE;
				GCC_WARN_UNUSED_FUNCTION = YES;
				GCC_WARN_UNUSED_VARIABLE = YES;
				IPHONEOS_DEPLOYMENT_TARGET = 17.0;
				LOCALIZATION_PREFERS_STRING_CATALOGS = YES;
				MTL_ENABLE_DEBUG_INFO = INCLUDE_SOURCE;
				MTL_FAST_MATH = YES;
				ONLY_ACTIVE_ARCH = YES;
				SDKROOT = iphoneos;
				SWIFT_ACTIVE_COMPILATION_CONDITIONS = "DEBUG $(inherited)";
				SWIFT_OPTIMIZATION_LEVEL = "-Onone";
			};
			name = Debug;
		};
		C14014EC2C8DC5EA00B636FE /* Release */ = {
			isa = XCBuildConfiguration;
			buildSettings = {
				ALWAYS_SEARCH_USER_PATHS = NO;
				ASSETCATALOG_COMPILER_GENERATE_SWIFT_ASSET_SYMBOL_EXTENSIONS = YES;
				CLANG_ANALYZER_NONNULL = YES;
				CLANG_ANALYZER_NUMBER_OBJECT_CONVERSION = YES_AGGRESSIVE;
				CLANG_CXX_LANGUAGE_STANDARD = "gnu++20";
				CLANG_ENABLE_MODULES = YES;
				CLANG_ENABLE_OBJC_ARC = YES;
				CLANG_ENABLE_OBJC_WEAK = YES;
				CLANG_WARN_BLOCK_CAPTURE_AUTORELEASING = YES;
				CLANG_WARN_BOOL_CONVERSION = YES;
				CLANG_WARN_COMMA = YES;
				CLANG_WARN_CONSTANT_CONVERSION = YES;
				CLANG_WARN_DEPRECATED_OBJC_IMPLEMENTATIONS = YES;
				CLANG_WARN_DIRECT_OBJC_ISA_USAGE = YES_ERROR;
				CLANG_WARN_DOCUMENTATION_COMMENTS = YES;
				CLANG_WARN_EMPTY_BODY = YES;
				CLANG_WARN_ENUM_CONVERSION = YES;
				CLANG_WARN_INFINITE_RECURSION = YES;
				CLANG_WARN_INT_CONVERSION = YES;
				CLANG_WARN_NON_LITERAL_NULL_CONVERSION = YES;
				CLANG_WARN_OBJC_IMPLICIT_RETAIN_SELF = YES;
				CLANG_WARN_OBJC_LITERAL_CONVERSION = YES;
				CLANG_WARN_OBJC_ROOT_CLASS = YES_ERROR;
				CLANG_WARN_QUOTED_INCLUDE_IN_FRAMEWORK_HEADER = YES;
				CLANG_WARN_RANGE_LOOP_ANALYSIS = YES;
				CLANG_WARN_STRICT_PROTOTYPES = YES;
				CLANG_WARN_SUSPICIOUS_MOVE = YES;
				CLANG_WARN_UNGUARDED_AVAILABILITY = YES_AGGRESSIVE;
				CLANG_WARN_UNREACHABLE_CODE = YES;
				CLANG_WARN__DUPLICATE_METHOD_MATCH = YES;
				COPY_PHASE_STRIP = NO;
				DEBUG_INFORMATION_FORMAT = "dwarf-with-dsym";
				ENABLE_NS_ASSERTIONS = NO;
				ENABLE_STRICT_OBJC_MSGSEND = YES;
				ENABLE_USER_SCRIPT_SANDBOXING = YES;
				GCC_C_LANGUAGE_STANDARD = gnu17;
				GCC_NO_COMMON_BLOCKS = YES;
				GCC_WARN_64_TO_32_BIT_CONVERSION = YES;
				GCC_WARN_ABOUT_RETURN_TYPE = YES_ERROR;
				GCC_WARN_UNDECLARED_SELECTOR = YES;
				GCC_WARN_UNINITIALIZED_AUTOS = YES_AGGRESSIVE;
				GCC_WARN_UNUSED_FUNCTION = YES;
				GCC_WARN_UNUSED_VARIABLE = YES;
				IPHONEOS_DEPLOYMENT_TARGET = 17.0;
				LOCALIZATION_PREFERS_STRING_CATALOGS = YES;
				MTL_ENABLE_DEBUG_INFO = NO;
				MTL_FAST_MATH = YES;
				SDKROOT = iphoneos;
				SWIFT_COMPILATION_MODE = wholemodule;
				VALIDATE_PRODUCT = YES;
			};
			name = Release;
		};
		C14014EE2C8DC5EA00B636FE /* Debug */ = {
			isa = XCBuildConfiguration;
			buildSettings = {
				ASSETCATALOG_COMPILER_APPICON_NAME = AppIcon;
				ASSETCATALOG_COMPILER_GLOBAL_ACCENT_COLOR_NAME = AccentColor;
				CODE_SIGN_STYLE = Automatic;
				CURRENT_PROJECT_VERSION = 1;
				DEVELOPMENT_ASSET_PATHS = "\"Uber/Preview Content\"";
				DEVELOPMENT_TEAM = T4ZN6N9LN3;
				ENABLE_PREVIEWS = YES;
				GENERATE_INFOPLIST_FILE = YES;
				INFOPLIST_KEY_NSLocationWhenInUseUsageDescription = "Please allow us to access your location to find you nearby drivers and rides";
				INFOPLIST_KEY_UIApplicationSceneManifest_Generation = YES;
				INFOPLIST_KEY_UIApplicationSupportsIndirectInputEvents = YES;
				INFOPLIST_KEY_UILaunchScreen_Generation = YES;
				INFOPLIST_KEY_UISupportedInterfaceOrientations_iPad = "UIInterfaceOrientationPortrait UIInterfaceOrientationPortraitUpsideDown UIInterfaceOrientationLandscapeLeft UIInterfaceOrientationLandscapeRight";
				INFOPLIST_KEY_UISupportedInterfaceOrientations_iPhone = "UIInterfaceOrientationPortrait UIInterfaceOrientationLandscapeLeft UIInterfaceOrientationLandscapeRight";
				LD_RUNPATH_SEARCH_PATHS = (
					"$(inherited)",
					"@executable_path/Frameworks",
				);
				MARKETING_VERSION = 1.0;
				PRODUCT_BUNDLE_IDENTIFIER = com.InkaShev777.Uber;
				PRODUCT_NAME = "$(TARGET_NAME)";
				SWIFT_EMIT_LOC_STRINGS = YES;
				SWIFT_VERSION = 5.0;
				TARGETED_DEVICE_FAMILY = "1,2";
			};
			name = Debug;
		};
		C14014EF2C8DC5EA00B636FE /* Release */ = {
			isa = XCBuildConfiguration;
			buildSettings = {
				ASSETCATALOG_COMPILER_APPICON_NAME = AppIcon;
				ASSETCATALOG_COMPILER_GLOBAL_ACCENT_COLOR_NAME = AccentColor;
				CODE_SIGN_STYLE = Automatic;
				CURRENT_PROJECT_VERSION = 1;
				DEVELOPMENT_ASSET_PATHS = "\"Uber/Preview Content\"";
				DEVELOPMENT_TEAM = T4ZN6N9LN3;
				ENABLE_PREVIEWS = YES;
				GENERATE_INFOPLIST_FILE = YES;
				INFOPLIST_KEY_NSLocationWhenInUseUsageDescription = "Please allow us to access your location to find you nearby drivers and rides";
				INFOPLIST_KEY_UIApplicationSceneManifest_Generation = YES;
				INFOPLIST_KEY_UIApplicationSupportsIndirectInputEvents = YES;
				INFOPLIST_KEY_UILaunchScreen_Generation = YES;
				INFOPLIST_KEY_UISupportedInterfaceOrientations_iPad = "UIInterfaceOrientationPortrait UIInterfaceOrientationPortraitUpsideDown UIInterfaceOrientationLandscapeLeft UIInterfaceOrientationLandscapeRight";
				INFOPLIST_KEY_UISupportedInterfaceOrientations_iPhone = "UIInterfaceOrientationPortrait UIInterfaceOrientationLandscapeLeft UIInterfaceOrientationLandscapeRight";
				LD_RUNPATH_SEARCH_PATHS = (
					"$(inherited)",
					"@executable_path/Frameworks",
				);
				MARKETING_VERSION = 1.0;
				PRODUCT_BUNDLE_IDENTIFIER = com.InkaShev777.Uber;
				PRODUCT_NAME = "$(TARGET_NAME)";
				SWIFT_EMIT_LOC_STRINGS = YES;
				SWIFT_VERSION = 5.0;
				TARGETED_DEVICE_FAMILY = "1,2";
			};
			name = Release;
		};
/* End XCBuildConfiguration section */

/* Begin XCConfigurationList section */
		C14014DA2C8DC5E900B636FE /* Build configuration list for PBXProject "Uber" */ = {
			isa = XCConfigurationList;
			buildConfigurations = (
				C14014EB2C8DC5EA00B636FE /* Debug */,
				C14014EC2C8DC5EA00B636FE /* Release */,
			);
			defaultConfigurationIsVisible = 0;
			defaultConfigurationName = Release;
		};
		C14014ED2C8DC5EA00B636FE /* Build configuration list for PBXNativeTarget "Uber" */ = {
			isa = XCConfigurationList;
			buildConfigurations = (
				C14014EE2C8DC5EA00B636FE /* Debug */,
				C14014EF2C8DC5EA00B636FE /* Release */,
			);
			defaultConfigurationIsVisible = 0;
			defaultConfigurationName = Release;
		};
/* End XCConfigurationList section */
	};
	rootObject = C14014D72C8DC5E900B636FE /* Project object */;
}
